
Microsoft Visual Studio Solution File, Format Version 12.00
# Visual Studio Version 16
VisualStudioVersion = 16.0.29728.190
MinimumVisualStudioVersion = 10.0.40219.1
Project("{FAE04EC0-301F-11D3-BF4B-00C04F79EFBC}") = "IntegrationCore", "IntegrationCore\IntegrationCore.csproj", "{5232FBB0-7195-42BA-AE38-B4E904ADA664}"
EndProject
Global
	GlobalSection(SolutionConfigurationPlatforms) = preSolution
		Debug|Any CPU = Debug|Any CPU
		Release|Any CPU = Release|Any CPU
	EndGlobalSection
	GlobalSection(ProjectConfigurationPlatforms) = postSolution
		{5232FBB0-7195-42BA-AE38-B4E904ADA664}.Debug|Any CPU.ActiveCfg = Debug|Any CPU
		{5232FBB0-7195-42BA-AE38-B4E904ADA664}.Debug|Any CPU.Build.0 = Debug|Any CPU
		{5232FBB0-7195-42BA-AE38-B4E904ADA664}.Release|Any CPU.ActiveCfg = Release|Any CPU
		{5232FBB0-7195-42BA-AE38-B4E904ADA664}.Release|Any CPU.Build.0 = Release|Any CPU
	EndGlobalSection
	GlobalSection(SolutionProperties) = preSolution
		HideSolutionNode = FALSE
	EndGlobalSection
	GlobalSection(ExtensibilityGlobals) = postSolution
		SolutionGuid = {5A542D30-5836-441D-8CEB-8E9475B2745F}
	EndGlobalSection
EndGlobal
